
Microsoft Visual Studio Solution File, Format Version 12.00
# Visual Studio Version 17
VisualStudioVersion = 17.13.35913.81 d17.13
MinimumVisualStudioVersion = 10.0.40219.1
Project("{8BC9CEB8-8B4A-11D0-8D11-00A0C91BC942}") = "Project", "Project\Project.vcxproj", "{59F6E11D-3462-4A52-B071-4063C1A22E7B}"
EndProject
Global
	GlobalSection(SolutionConfigurationPlatforms) = preSolution
		Debug|x64 = Debug|x64
		Debug|x86 = Debug|x86
		Release|x64 = Release|x64
		Release|x86 = Release|x86
	EndGlobalSection
	GlobalSection(ProjectConfigurationPlatforms) = postSolution
		{59F6E11D-3462-4A52-B071-4063C1A22E7B}.Debug|x64.ActiveCfg = Debug|x64
		{59F6E11D-3462-4A52-B071-4063C1A22E7B}.Debug|x64.Build.0 = Debug|x64
		{59F6E11D-3462-4A52-B071-4063C1A22E7B}.Debug|x86.ActiveCfg = Debug|Win32
		{59F6E11D-3462-4A52-B071-4063C1A22E7B}.Debug|x86.Build.0 = Debug|Win32
		{59F6E11D-3462-4A52-B071-4063C1A22E7B}.Release|x64.ActiveCfg = Release|x64
		{59F6E11D-3462-4A52-B071-4063C1A22E7B}.Release|x64.Build.0 = Release|x64
		{59F6E11D-3462-4A52-B071-4063C1A22E7B}.Release|x86.ActiveCfg = Release|Win32
		{59F6E11D-3462-4A52-B071-4063C1A22E7B}.Release|x86.Build.0 = Release|Win32
	EndGlobalSection
	GlobalSection(SolutionProperties) = preSolution
		HideSolutionNode = FALSE
	EndGlobalSection
	GlobalSection(ExtensibilityGlobals) = postSolution
		SolutionGuid = {4C60C786-CE11-4F0E-A133-7BE71D1E08CE}
	EndGlobalSection
EndGlobal
